// !$*UTF8*$!
{
	archiveVersion = 1;
	classes = {
	};
	objectVersion = 48;
	objects = {

/* Begin PBXBuildFile section */
		4952E9F91D656FAD00255346 /* WindowController.swift in Sources */ = {isa = PBXBuildFile; fileRef = 4952E9F81D656FAD00255346 /* WindowController.swift */; };
		49E2E1071D62C9E000DF6E47 /* AppDelegate.swift in Sources */ = {isa = PBXBuildFile; fileRef = 49E2E1061D62C9E000DF6E47 /* AppDelegate.swift */; };
		49E2E1091D62C9E000DF6E47 /* ScratchpadViewController.swift in Sources */ = {isa = PBXBuildFile; fileRef = 49E2E1081D62C9E000DF6E47 /* ScratchpadViewController.swift */; };
		49E2E10B1D62C9E000DF6E47 /* Assets.xcassets in Resources */ = {isa = PBXBuildFile; fileRef = 49E2E10A1D62C9E000DF6E47 /* Assets.xcassets */; };
		49E2E10E1D62C9E000DF6E47 /* Main.storyboard in Resources */ = {isa = PBXBuildFile; fileRef = 49E2E10C1D62C9E000DF6E47 /* Main.storyboard */; };
		49E2E1311D638B9600DF6E47 /* EventMonitor.swift in Sources */ = {isa = PBXBuildFile; fileRef = 49E2E1301D638B9600DF6E47 /* EventMonitor.swift */; };
		49E2E1361D64013800DF6E47 /* PreferencesViewController.swift in Sources */ = {isa = PBXBuildFile; fileRef = 49E2E1351D64013800DF6E47 /* PreferencesViewController.swift */; };
		49E2E1381D6403BD00DF6E47 /* TextSize.swift in Sources */ = {isa = PBXBuildFile; fileRef = 49E2E1371D6403BD00DF6E47 /* TextSize.swift */; };
		49E2E13A1D64048800DF6E47 /* DefaultsKey.swift in Sources */ = {isa = PBXBuildFile; fileRef = 49E2E1391D64048800DF6E47 /* DefaultsKey.swift */; };
		49E2E13C1D6412C100DF6E47 /* MASShortcut.framework in Frameworks */ = {isa = PBXBuildFile; fileRef = 49E2E13B1D6412C100DF6E47 /* MASShortcut.framework */; };
		49E2E13D1D6412C100DF6E47 /* MASShortcut.framework in Embed Frameworks */ = {isa = PBXBuildFile; fileRef = 49E2E13B1D6412C100DF6E47 /* MASShortcut.framework */; settings = {ATTRIBUTES = (CodeSignOnCopy, RemoveHeadersOnCopy, ); }; };
		49E2E1421D64132800DF6E47 /* MASShortcut.framework.dSYM in CopyFiles */ = {isa = PBXBuildFile; fileRef = 49E2E1411D64132800DF6E47 /* MASShortcut.framework.dSYM */; };
/* End PBXBuildFile section */

/* Begin PBXCopyFilesBuildPhase section */
		49E2E13E1D6412C100DF6E47 /* Embed Frameworks */ = {
			isa = PBXCopyFilesBuildPhase;
			buildActionMask = 2147483647;
			dstPath = "";
			dstSubfolderSpec = 10;
			files = (
				49E2E13D1D6412C100DF6E47 /* MASShortcut.framework in Embed Frameworks */,
			);
			name = "Embed Frameworks";
			runOnlyForDeploymentPostprocessing = 0;
		};
		49E2E1401D64131600DF6E47 /* CopyFiles */ = {
			isa = PBXCopyFilesBuildPhase;
			buildActionMask = 2147483647;
			dstPath = "";
			dstSubfolderSpec = 16;
			files = (
				49E2E1421D64132800DF6E47 /* MASShortcut.framework.dSYM in CopyFiles */,
			);
			runOnlyForDeploymentPostprocessing = 0;
		};
/* End PBXCopyFilesBuildPhase section */

/* Begin PBXFileReference section */
		4952E9F81D656FAD00255346 /* WindowController.swift */ = {isa = PBXFileReference; fileEncoding = 4; lastKnownFileType = sourcecode.swift; path = WindowController.swift; sourceTree = "<group>"; };
		49E2E1031D62C9E000DF6E47 /* Scratchpad.app */ = {isa = PBXFileReference; explicitFileType = wrapper.application; includeInIndex = 0; path = Scratchpad.app; sourceTree = BUILT_PRODUCTS_DIR; };
		49E2E1061D62C9E000DF6E47 /* AppDelegate.swift */ = {isa = PBXFileReference; lastKnownFileType = sourcecode.swift; path = AppDelegate.swift; sourceTree = "<group>"; };
		49E2E1081D62C9E000DF6E47 /* ScratchpadViewController.swift */ = {isa = PBXFileReference; lastKnownFileType = sourcecode.swift; path = ScratchpadViewController.swift; sourceTree = "<group>"; };
		49E2E10A1D62C9E000DF6E47 /* Assets.xcassets */ = {isa = PBXFileReference; lastKnownFileType = folder.assetcatalog; path = Assets.xcassets; sourceTree = "<group>"; };
		49E2E10D1D62C9E000DF6E47 /* Base */ = {isa = PBXFileReference; lastKnownFileType = file.storyboard; name = Base; path = Base.lproj/Main.storyboard; sourceTree = "<group>"; };
		49E2E10F1D62C9E000DF6E47 /* Info.plist */ = {isa = PBXFileReference; lastKnownFileType = text.plist.xml; path = Info.plist; sourceTree = "<group>"; };
		49E2E1301D638B9600DF6E47 /* EventMonitor.swift */ = {isa = PBXFileReference; fileEncoding = 4; lastKnownFileType = sourcecode.swift; path = EventMonitor.swift; sourceTree = "<group>"; };
		49E2E1341D63F34400DF6E47 /* Scratchpad.entitlements */ = {isa = PBXFileReference; lastKnownFileType = text.xml; path = Scratchpad.entitlements; sourceTree = "<group>"; };
		49E2E1351D64013800DF6E47 /* PreferencesViewController.swift */ = {isa = PBXFileReference; fileEncoding = 4; lastKnownFileType = sourcecode.swift; path = PreferencesViewController.swift; sourceTree = "<group>"; };
		49E2E1371D6403BD00DF6E47 /* TextSize.swift */ = {isa = PBXFileReference; fileEncoding = 4; lastKnownFileType = sourcecode.swift; path = TextSize.swift; sourceTree = "<group>"; };
		49E2E1391D64048800DF6E47 /* DefaultsKey.swift */ = {isa = PBXFileReference; fileEncoding = 4; lastKnownFileType = sourcecode.swift; path = DefaultsKey.swift; sourceTree = "<group>"; };
		49E2E13B1D6412C100DF6E47 /* MASShortcut.framework */ = {isa = PBXFileReference; lastKnownFileType = wrapper.framework; name = MASShortcut.framework; path = Carthage/Build/Mac/MASShortcut.framework; sourceTree = "<group>"; };
		49E2E1411D64132800DF6E47 /* MASShortcut.framework.dSYM */ = {isa = PBXFileReference; lastKnownFileType = wrapper.dsym; name = MASShortcut.framework.dSYM; path = Carthage/Build/Mac/MASShortcut.framework.dSYM; sourceTree = "<group>"; };
/* End PBXFileReference section */

/* Begin PBXFrameworksBuildPhase section */
		49E2E1001D62C9E000DF6E47 /* Frameworks */ = {
			isa = PBXFrameworksBuildPhase;
			buildActionMask = 2147483647;
			files = (
				49E2E13C1D6412C100DF6E47 /* MASShortcut.framework in Frameworks */,
			);
			runOnlyForDeploymentPostprocessing = 0;
		};
/* End PBXFrameworksBuildPhase section */

/* Begin PBXGroup section */
		49E2E0FA1D62C9E000DF6E47 = {
			isa = PBXGroup;
			children = (
				49E2E1431D64132F00DF6E47 /* Debug Symbols */,
				49E2E13F1D6412C700DF6E47 /* Frameworks */,
				49E2E1051D62C9E000DF6E47 /* Scratchpad */,
				49E2E1041D62C9E000DF6E47 /* Products */,
			);
			sourceTree = "<group>";
		};
		49E2E1041D62C9E000DF6E47 /* Products */ = {
			isa = PBXGroup;
			children = (
				49E2E1031D62C9E000DF6E47 /* Scratchpad.app */,
			);
			name = Products;
			sourceTree = "<group>";
		};
		49E2E1051D62C9E000DF6E47 /* Scratchpad */ = {
			isa = PBXGroup;
			children = (
				49E2E1341D63F34400DF6E47 /* Scratchpad.entitlements */,
				49E2E1061D62C9E000DF6E47 /* AppDelegate.swift */,
				49E2E1391D64048800DF6E47 /* DefaultsKey.swift */,
				49E2E1301D638B9600DF6E47 /* EventMonitor.swift */,
				49E2E1351D64013800DF6E47 /* PreferencesViewController.swift */,
				49E2E1081D62C9E000DF6E47 /* ScratchpadViewController.swift */,
				49E2E1371D6403BD00DF6E47 /* TextSize.swift */,
				4952E9F81D656FAD00255346 /* WindowController.swift */,
				49E2E10A1D62C9E000DF6E47 /* Assets.xcassets */,
				49E2E10C1D62C9E000DF6E47 /* Main.storyboard */,
				49E2E10F1D62C9E000DF6E47 /* Info.plist */,
			);
			path = Scratchpad;
			sourceTree = "<group>";
		};
		49E2E13F1D6412C700DF6E47 /* Frameworks */ = {
			isa = PBXGroup;
			children = (
				49E2E13B1D6412C100DF6E47 /* MASShortcut.framework */,
			);
			name = Frameworks;
			sourceTree = "<group>";
		};
		49E2E1431D64132F00DF6E47 /* Debug Symbols */ = {
			isa = PBXGroup;
			children = (
				49E2E1411D64132800DF6E47 /* MASShortcut.framework.dSYM */,
			);
			name = "Debug Symbols";
			sourceTree = "<group>";
		};
/* End PBXGroup section */

/* Begin PBXNativeTarget section */
		49E2E1021D62C9E000DF6E47 /* Scratchpad */ = {
			isa = PBXNativeTarget;
			buildConfigurationList = 49E2E1121D62C9E000DF6E47 /* Build configuration list for PBXNativeTarget "Scratchpad" */;
			buildPhases = (
				49E2E0FF1D62C9E000DF6E47 /* Sources */,
				49E2E1001D62C9E000DF6E47 /* Frameworks */,
				49E2E1011D62C9E000DF6E47 /* Resources */,
				49E2E13E1D6412C100DF6E47 /* Embed Frameworks */,
				49E2E1401D64131600DF6E47 /* CopyFiles */,
			);
			buildRules = (
			);
			dependencies = (
			);
			name = Scratchpad;
			productName = Scratchpad;
			productReference = 49E2E1031D62C9E000DF6E47 /* Scratchpad.app */;
			productType = "com.apple.product-type.application";
		};
/* End PBXNativeTarget section */

/* Begin PBXProject section */
		49E2E0FB1D62C9E000DF6E47 /* Project object */ = {
			isa = PBXProject;
			attributes = {
				LastSwiftUpdateCheck = 0730;
				LastUpgradeCheck = 0800;
				ORGANIZATIONNAME = "Matthew Miner";
				TargetAttributes = {
					49E2E1021D62C9E000DF6E47 = {
						CreatedOnToolsVersion = 7.3.1;
						LastSwiftMigration = 0800;
						SystemCapabilities = {
							com.apple.Sandbox = {
								enabled = 1;
							};
						};
					};
				};
			};
			buildConfigurationList = 49E2E0FE1D62C9E000DF6E47 /* Build configuration list for PBXProject "Scratchpad" */;
			compatibilityVersion = "Xcode 8.0";
			developmentRegion = English;
			hasScannedForEncodings = 0;
			knownRegions = (
				en,
				Base,
			);
			mainGroup = 49E2E0FA1D62C9E000DF6E47;
			productRefGroup = 49E2E1041D62C9E000DF6E47 /* Products */;
			projectDirPath = "";
			projectRoot = "";
			targets = (
				49E2E1021D62C9E000DF6E47 /* Scratchpad */,
			);
		};
/* End PBXProject section */

/* Begin PBXResourcesBuildPhase section */
		49E2E1011D62C9E000DF6E47 /* Resources */ = {
			isa = PBXResourcesBuildPhase;
			buildActionMask = 2147483647;
			files = (
				49E2E10B1D62C9E000DF6E47 /* Assets.xcassets in Resources */,
				49E2E10E1D62C9E000DF6E47 /* Main.storyboard in Resources */,
			);
			runOnlyForDeploymentPostprocessing = 0;
		};
/* End PBXResourcesBuildPhase section */

/* Begin PBXSourcesBuildPhase section */
		49E2E0FF1D62C9E000DF6E47 /* Sources */ = {
			isa = PBXSourcesBuildPhase;
			buildActionMask = 2147483647;
			files = (
				49E2E1311D638B9600DF6E47 /* EventMonitor.swift in Sources */,
				49E2E13A1D64048800DF6E47 /* DefaultsKey.swift in Sources */,
				49E2E1381D6403BD00DF6E47 /* TextSize.swift in Sources */,
				4952E9F91D656FAD00255346 /* WindowController.swift in Sources */,
				49E2E1091D62C9E000DF6E47 /* ScratchpadViewController.swift in Sources */,
				49E2E1071D62C9E000DF6E47 /* AppDelegate.swift in Sources */,
				49E2E1361D64013800DF6E47 /* PreferencesViewController.swift in Sources */,
			);
			runOnlyForDeploymentPostprocessing = 0;
		};
/* End PBXSourcesBuildPhase section */

/* Begin PBXVariantGroup section */
		49E2E10C1D62C9E000DF6E47 /* Main.storyboard */ = {
			isa = PBXVariantGroup;
			children = (
				49E2E10D1D62C9E000DF6E47 /* Base */,
			);
			name = Main.storyboard;
			sourceTree = "<group>";
		};
/* End PBXVariantGroup section */

/* Begin XCBuildConfiguration section */
		49E2E1101D62C9E000DF6E47 /* Debug */ = {
			isa = XCBuildConfiguration;
			buildSettings = {
				ALWAYS_SEARCH_USER_PATHS = NO;
				CLANG_ANALYZER_NONNULL = YES;
				CLANG_CXX_LANGUAGE_STANDARD = "gnu++0x";
				CLANG_CXX_LIBRARY = "libc++";
				CLANG_ENABLE_MODULES = YES;
				CLANG_ENABLE_OBJC_ARC = YES;
				CLANG_WARN_BOOL_CONVERSION = YES;
				CLANG_WARN_CONSTANT_CONVERSION = YES;
				CLANG_WARN_DIRECT_OBJC_ISA_USAGE = YES_ERROR;
				CLANG_WARN_EMPTY_BODY = YES;
				CLANG_WARN_ENUM_CONVERSION = YES;
				CLANG_WARN_INFINITE_RECURSION = YES;
				CLANG_WARN_INT_CONVERSION = YES;
				CLANG_WARN_OBJC_ROOT_CLASS = YES_ERROR;
				CLANG_WARN_SUSPICIOUS_MOVE = YES;
				CLANG_WARN_UNREACHABLE_CODE = YES;
				CLANG_WARN__DUPLICATE_METHOD_MATCH = YES;
				CODE_SIGN_IDENTITY = "-";
				COPY_PHASE_STRIP = NO;
				DEBUG_INFORMATION_FORMAT = dwarf;
				ENABLE_STRICT_OBJC_MSGSEND = YES;
				ENABLE_TESTABILITY = YES;
				GCC_C_LANGUAGE_STANDARD = gnu99;
				GCC_DYNAMIC_NO_PIC = NO;
				GCC_NO_COMMON_BLOCKS = YES;
				GCC_OPTIMIZATION_LEVEL = 0;
				GCC_PREPROCESSOR_DEFINITIONS = (
					"DEBUG=1",
					"$(inherited)",
				);
				GCC_WARN_64_TO_32_BIT_CONVERSION = YES;
				GCC_WARN_ABOUT_RETURN_TYPE = YES_ERROR;
				GCC_WARN_UNDECLARED_SELECTOR = YES;
				GCC_WARN_UNINITIALIZED_AUTOS = YES_AGGRESSIVE;
				GCC_WARN_UNUSED_FUNCTION = YES;
				GCC_WARN_UNUSED_VARIABLE = YES;
				MACOSX_DEPLOYMENT_TARGET = 10.11;
				MTL_ENABLE_DEBUG_INFO = YES;
				ONLY_ACTIVE_ARCH = YES;
				SDKROOT = macosx;
				SWIFT_OPTIMIZATION_LEVEL = "-Onone";
			};
			name = Debug;
		};
		49E2E1111D62C9E000DF6E47 /* Release */ = {
			isa = XCBuildConfiguration;
			buildSettings = {
				ALWAYS_SEARCH_USER_PATHS = NO;
				CLANG_ANALYZER_NONNULL = YES;
				CLANG_CXX_LANGUAGE_STANDARD = "gnu++0x";
				CLANG_CXX_LIBRARY = "libc++";
				CLANG_ENABLE_MODULES = YES;
				CLANG_ENABLE_OBJC_ARC = YES;
				CLANG_WARN_BOOL_CONVERSION = YES;
				CLANG_WARN_CONSTANT_CONVERSION = YES;
				CLANG_WARN_DIRECT_OBJC_ISA_USAGE = YES_ERROR;
				CLANG_WARN_EMPTY_BODY = YES;
				CLANG_WARN_ENUM_CONVERSION = YES;
				CLANG_WARN_INFINITE_RECURSION = YES;
				CLANG_WARN_INT_CONVERSION = YES;
				CLANG_WARN_OBJC_ROOT_CLASS = YES_ERROR;
				CLANG_WARN_SUSPICIOUS_MOVE = YES;
				CLANG_WARN_UNREACHABLE_CODE = YES;
				CLANG_WARN__DUPLICATE_METHOD_MATCH = YES;
				CODE_SIGN_IDENTITY = "-";
				COPY_PHASE_STRIP = NO;
				DEBUG_INFORMATION_FORMAT = "dwarf-with-dsym";
				ENABLE_NS_ASSERTIONS = NO;
				ENABLE_STRICT_OBJC_MSGSEND = YES;
				GCC_C_LANGUAGE_STANDARD = gnu99;
				GCC_NO_COMMON_BLOCKS = YES;
				GCC_WARN_64_TO_32_BIT_CONVERSION = YES;
				GCC_WARN_ABOUT_RETURN_TYPE = YES_ERROR;
				GCC_WARN_UNDECLARED_SELECTOR = YES;
				GCC_WARN_UNINITIALIZED_AUTOS = YES_AGGRESSIVE;
				GCC_WARN_UNUSED_FUNCTION = YES;
				GCC_WARN_UNUSED_VARIABLE = YES;
				MACOSX_DEPLOYMENT_TARGET = 10.11;
				MTL_ENABLE_DEBUG_INFO = NO;
				SDKROOT = macosx;
				SWIFT_OPTIMIZATION_LEVEL = "-Owholemodule";
			};
			name = Release;
		};
		49E2E1131D62C9E000DF6E47 /* Debug */ = {
			isa = XCBuildConfiguration;
			buildSettings = {
				ASSETCATALOG_COMPILER_APPICON_NAME = AppIcon;
				CODE_SIGN_ENTITLEMENTS = Scratchpad/Scratchpad.entitlements;
				COMBINE_HIDPI_IMAGES = YES;
				FRAMEWORK_SEARCH_PATHS = (
					"$(inherited)",
					"$(PROJECT_DIR)/Carthage/Build/Mac",
				);
				INFOPLIST_FILE = Scratchpad/Info.plist;
				LD_RUNPATH_SEARCH_PATHS = "$(inherited) @executable_path/../Frameworks";
				PRODUCT_BUNDLE_IDENTIFIER = com.matthewminer.Scratchpad;
				PRODUCT_NAME = "$(TARGET_NAME)";
				SWIFT_VERSION = 3.0;
			};
			name = Debug;
		};
		49E2E1141D62C9E000DF6E47 /* Release */ = {
			isa = XCBuildConfiguration;
			buildSettings = {
				ASSETCATALOG_COMPILER_APPICON_NAME = AppIcon;
				CODE_SIGN_ENTITLEMENTS = Scratchpad/Scratchpad.entitlements;
				COMBINE_HIDPI_IMAGES = YES;
				FRAMEWORK_SEARCH_PATHS = (
					"$(inherited)",
					"$(PROJECT_DIR)/Carthage/Build/Mac",
				);
				INFOPLIST_FILE = Scratchpad/Info.plist;
				LD_RUNPATH_SEARCH_PATHS = "$(inherited) @executable_path/../Frameworks";
				PRODUCT_BUNDLE_IDENTIFIER = com.matthewminer.Scratchpad;
				PRODUCT_NAME = "$(TARGET_NAME)";
				SWIFT_VERSION = 3.0;
			};
			name = Release;
		};
/* End XCBuildConfiguration section */

/* Begin XCConfigurationList section */
		49E2E0FE1D62C9E000DF6E47 /* Build configuration list for PBXProject "Scratchpad" */ = {
			isa = XCConfigurationList;
			buildConfigurations = (
				49E2E1101D62C9E000DF6E47 /* Debug */,
				49E2E1111D62C9E000DF6E47 /* Release */,
			);
			defaultConfigurationIsVisible = 0;
			defaultConfigurationName = Release;
		};
		49E2E1121D62C9E000DF6E47 /* Build configuration list for PBXNativeTarget "Scratchpad" */ = {
			isa = XCConfigurationList;
			buildConfigurations = (
				49E2E1131D62C9E000DF6E47 /* Debug */,
				49E2E1141D62C9E000DF6E47 /* Release */,
			);
			defaultConfigurationIsVisible = 0;
			defaultConfigurationName = Release;
		};
/* End XCConfigurationList section */
	};
	rootObject = 49E2E0FB1D62C9E000DF6E47 /* Project object */;
}
